
Microsoft Visual Studio Solution File, Format Version 12.00
# Visual Studio Version 17
VisualStudioVersion = 17.4.33403.182
MinimumVisualStudioVersion = 10.0.40219.1
Project("{FAE04EC0-301F-11D3-BF4B-00C04F79EFBC}") = "laba 2", "laba 2\laba 2.csproj", "{1DBBB407-C190-4D4C-981B-A2B535CA7537}"
EndProject
Global
	GlobalSection(SolutionConfigurationPlatforms) = preSolution
		Debug|Any CPU = Debug|Any CPU
		Release|Any CPU = Release|Any CPU
	EndGlobalSection
	GlobalSection(ProjectConfigurationPlatforms) = postSolution
		{1DBBB407-C190-4D4C-981B-A2B535CA7537}.Debug|Any CPU.ActiveCfg = Debug|Any CPU
		{1DBBB407-C190-4D4C-981B-A2B535CA7537}.Debug|Any CPU.Build.0 = Debug|Any CPU
		{1DBBB407-C190-4D4C-981B-A2B535CA7537}.Release|Any CPU.ActiveCfg = Release|Any CPU
		{1DBBB407-C190-4D4C-981B-A2B535CA7537}.Release|Any CPU.Build.0 = Release|Any CPU
	EndGlobalSection
	GlobalSection(SolutionProperties) = preSolution
		HideSolutionNode = FALSE
	EndGlobalSection
	GlobalSection(ExtensibilityGlobals) = postSolution
		SolutionGuid = {842389BC-AE3A-45E0-9476-8411B96E8ABD}
	EndGlobalSection
EndGlobal
